
Microsoft Visual Studio Solution File, Format Version 12.00
# Visual Studio Version 17
VisualStudioVersion = 17.0.32002.185
MinimumVisualStudioVersion = 10.0.40219.1
Project("{FAE04EC0-301F-11D3-BF4B-00C04F79EFBC}") = "Project", "Project\Project.csproj", "{6D56EFBB-457F-4464-A6FE-E3A1C4719DDA}"
EndProject
Global
	GlobalSection(SolutionConfigurationPlatforms) = preSolution
		Debug|Any CPU = Debug|Any CPU
		Release|Any CPU = Release|Any CPU
	EndGlobalSection
	GlobalSection(ProjectConfigurationPlatforms) = postSolution
		{6D56EFBB-457F-4464-A6FE-E3A1C4719DDA}.Debug|Any CPU.ActiveCfg = Debug|Any CPU
		{6D56EFBB-457F-4464-A6FE-E3A1C4719DDA}.Debug|Any CPU.Build.0 = Debug|Any CPU
		{6D56EFBB-457F-4464-A6FE-E3A1C4719DDA}.Release|Any CPU.ActiveCfg = Release|Any CPU
		{6D56EFBB-457F-4464-A6FE-E3A1C4719DDA}.Release|Any CPU.Build.0 = Release|Any CPU
	EndGlobalSection
	GlobalSection(SolutionProperties) = preSolution
		HideSolutionNode = FALSE
	EndGlobalSection
	GlobalSection(ExtensibilityGlobals) = postSolution
		SolutionGuid = {437FFD5A-44A4-4BB1-A430-EC3ED833E274}
	EndGlobalSection
EndGlobal
